// !$*UTF8*$!
{
	archiveVersion = 1;
	classes = {
	};
	objectVersion = 52;
	objects = {

/* Begin PBXBuildFile section */
		A50C6BBC2460107200D9F2C1 /* UserAccount.swift in Sources */ = {isa = PBXBuildFile; fileRef = A50C6BBB2460107200D9F2C1 /* UserAccount.swift */; };
		A50FAD13243F51B30051764C /* UILabel+Extension.swift in Sources */ = {isa = PBXBuildFile; fileRef = A50FAD12243F51B30051764C /* UILabel+Extension.swift */; };
		A50FAD15243F53920051764C /* UIImageView+Extension.swift in Sources */ = {isa = PBXBuildFile; fileRef = A50FAD14243F53920051764C /* UIImageView+Extension.swift */; };
		A50FAD17243F5A560051764C /* Common.swift in Sources */ = {isa = PBXBuildFile; fileRef = A50FAD16243F5A560051764C /* Common.swift */; };
		A50FAD19243F69B00051764C /* NetworkTools.swift in Sources */ = {isa = PBXBuildFile; fileRef = A50FAD18243F69B00051764C /* NetworkTools.swift */; };
		A5211EC12462C50100C93664 /* Status.swift in Sources */ = {isa = PBXBuildFile; fileRef = A5211EC02462C50100C93664 /* Status.swift */; };
		A5211EC32462E45900C93664 /* StatusListViewModel.swift in Sources */ = {isa = PBXBuildFile; fileRef = A5211EC22462E45900C93664 /* StatusListViewModel.swift */; };
		A5211EC52462E7A900C93664 /* User.swift in Sources */ = {isa = PBXBuildFile; fileRef = A5211EC42462E7A900C93664 /* User.swift */; };
		A5211EC72462EBFF00C93664 /* StatusViewModel.swift in Sources */ = {isa = PBXBuildFile; fileRef = A5211EC62462EBFF00C93664 /* StatusViewModel.swift */; };
		A5211ECA2462EDE000C93664 /* StatusCell.swift in Sources */ = {isa = PBXBuildFile; fileRef = A5211EC92462EDE000C93664 /* StatusCell.swift */; };
		A5211ECC2462EE0300C93664 /* StatusCellTopView.swift in Sources */ = {isa = PBXBuildFile; fileRef = A5211ECB2462EE0300C93664 /* StatusCellTopView.swift */; };
		A5211ECE2462EE0C00C93664 /* StatusCellBottomView.swift in Sources */ = {isa = PBXBuildFile; fileRef = A5211ECD2462EE0C00C93664 /* StatusCellBottomView.swift */; };
		A52FDCEA2460588F0023D450 /* UserAccountViewModel.swift in Sources */ = {isa = PBXBuildFile; fileRef = A52FDCE92460588F0023D450 /* UserAccountViewModel.swift */; };
		A52FDCED2461945F0023D450 /* WelcomeViewController.swift in Sources */ = {isa = PBXBuildFile; fileRef = A52FDCEC2461945F0023D450 /* WelcomeViewController.swift */; };
		A54EDDD2243AFBE900EDF874 /* AppDelegate.swift in Sources */ = {isa = PBXBuildFile; fileRef = A54EDDD1243AFBE900EDF874 /* AppDelegate.swift */; };
		A54EDDD6243AFBE900EDF874 /* ViewController.swift in Sources */ = {isa = PBXBuildFile; fileRef = A54EDDD5243AFBE900EDF874 /* ViewController.swift */; };
		A54EDDD9243AFBE900EDF874 /* Main.storyboard in Resources */ = {isa = PBXBuildFile; fileRef = A54EDDD7243AFBE900EDF874 /* Main.storyboard */; };
		A54EDDDB243AFBEB00EDF874 /* Assets.xcassets in Resources */ = {isa = PBXBuildFile; fileRef = A54EDDDA243AFBEB00EDF874 /* Assets.xcassets */; };
		A54EDDDE243AFBEB00EDF874 /* LaunchScreen.storyboard in Resources */ = {isa = PBXBuildFile; fileRef = A54EDDDC243AFBEB00EDF874 /* LaunchScreen.storyboard */; };
		A54EDE10243B0BAB00EDF874 /* MainViewController.swift in Sources */ = {isa = PBXBuildFile; fileRef = A54EDE0F243B0BAB00EDF874 /* MainViewController.swift */; };
		A54EDE12243B0BD500EDF874 /* HomeTableViewController.swift in Sources */ = {isa = PBXBuildFile; fileRef = A54EDE11243B0BD500EDF874 /* HomeTableViewController.swift */; };
		A54EDE14243B0BE200EDF874 /* MessageTableViewController.swift in Sources */ = {isa = PBXBuildFile; fileRef = A54EDE13243B0BE200EDF874 /* MessageTableViewController.swift */; };
		A54EDE16243B0BE900EDF874 /* DiscoveryTableViewController.swift in Sources */ = {isa = PBXBuildFile; fileRef = A54EDE15243B0BE900EDF874 /* DiscoveryTableViewController.swift */; };
		A54EDE18243B0BF200EDF874 /* ProfileTableViewController.swift in Sources */ = {isa = PBXBuildFile; fileRef = A54EDE17243B0BF200EDF874 /* ProfileTableViewController.swift */; };
		A54EDE1B243B1DB400EDF874 /* UiButton+Extension.swift in Sources */ = {isa = PBXBuildFile; fileRef = A54EDE1A243B1DB400EDF874 /* UiButton+Extension.swift */; };
		A54EDE1E243B248F00EDF874 /* VisitorTableViewController.swift in Sources */ = {isa = PBXBuildFile; fileRef = A54EDE1D243B248F00EDF874 /* VisitorTableViewController.swift */; };
		A54EDE20243B273100EDF874 /* VisitorView.swift in Sources */ = {isa = PBXBuildFile; fileRef = A54EDE1F243B273100EDF874 /* VisitorView.swift */; };
		A57E70FC2459B7A900EE2CEC /* OAuthViewController.swift in Sources */ = {isa = PBXBuildFile; fileRef = A57E70FB2459B7A900EE2CEC /* OAuthViewController.swift */; };
		A57E71032459BCDB00EE2CEC /* LEESwiftTools.swift in Sources */ = {isa = PBXBuildFile; fileRef = A57E71022459BCDB00EE2CEC /* LEESwiftTools.swift */; };
		DD1E267F2213A17B8553AFA3 /* Pods_MicroBlog.framework in Frameworks */ = {isa = PBXBuildFile; fileRef = B7AF5E42E1B79C39DCBB0507 /* Pods_MicroBlog.framework */; };
/* End PBXBuildFile section */

/* Begin PBXFileReference section */
		0C028D1B8E3082C7BC71A943 /* Pods-MicroBlog.release.xcconfig */ = {isa = PBXFileReference; includeInIndex = 1; lastKnownFileType = text.xcconfig; name = "Pods-MicroBlog.release.xcconfig"; path = "Target Support Files/Pods-MicroBlog/Pods-MicroBlog.release.xcconfig"; sourceTree = "<group>"; };
		4CED9AA0888E4DA89A9B16CF /* Pods-MicroBlog.debug.xcconfig */ = {isa = PBXFileReference; includeInIndex = 1; lastKnownFileType = text.xcconfig; name = "Pods-MicroBlog.debug.xcconfig"; path = "Target Support Files/Pods-MicroBlog/Pods-MicroBlog.debug.xcconfig"; sourceTree = "<group>"; };
		A50C6BBB2460107200D9F2C1 /* UserAccount.swift */ = {isa = PBXFileReference; lastKnownFileType = sourcecode.swift; path = UserAccount.swift; sourceTree = "<group>"; };
		A50FAD12243F51B30051764C /* UILabel+Extension.swift */ = {isa = PBXFileReference; lastKnownFileType = sourcecode.swift; path = "UILabel+Extension.swift"; sourceTree = "<group>"; };
		A50FAD14243F53920051764C /* UIImageView+Extension.swift */ = {isa = PBXFileReference; lastKnownFileType = sourcecode.swift; path = "UIImageView+Extension.swift"; sourceTree = "<group>"; };
		A50FAD16243F5A560051764C /* Common.swift */ = {isa = PBXFileReference; lastKnownFileType = sourcecode.swift; path = Common.swift; sourceTree = "<group>"; };
		A50FAD18243F69B00051764C /* NetworkTools.swift */ = {isa = PBXFileReference; lastKnownFileType = sourcecode.swift; path = NetworkTools.swift; sourceTree = "<group>"; };
		A5211EC02462C50100C93664 /* Status.swift */ = {isa = PBXFileReference; lastKnownFileType = sourcecode.swift; path = Status.swift; sourceTree = "<group>"; };
		A5211EC22462E45900C93664 /* StatusListViewModel.swift */ = {isa = PBXFileReference; lastKnownFileType = sourcecode.swift; path = StatusListViewModel.swift; sourceTree = "<group>"; };
		A5211EC42462E7A900C93664 /* User.swift */ = {isa = PBXFileReference; lastKnownFileType = sourcecode.swift; path = User.swift; sourceTree = "<group>"; };
		A5211EC62462EBFF00C93664 /* StatusViewModel.swift */ = {isa = PBXFileReference; lastKnownFileType = sourcecode.swift; path = StatusViewModel.swift; sourceTree = "<group>"; };
		A5211EC92462EDE000C93664 /* StatusCell.swift */ = {isa = PBXFileReference; lastKnownFileType = sourcecode.swift; path = StatusCell.swift; sourceTree = "<group>"; };
		A5211ECB2462EE0300C93664 /* StatusCellTopView.swift */ = {isa = PBXFileReference; lastKnownFileType = sourcecode.swift; path = StatusCellTopView.swift; sourceTree = "<group>"; };
		A5211ECD2462EE0C00C93664 /* StatusCellBottomView.swift */ = {isa = PBXFileReference; lastKnownFileType = sourcecode.swift; path = StatusCellBottomView.swift; sourceTree = "<group>"; };
		A52FDCE92460588F0023D450 /* UserAccountViewModel.swift */ = {isa = PBXFileReference; lastKnownFileType = sourcecode.swift; path = UserAccountViewModel.swift; sourceTree = "<group>"; };
		A52FDCEC2461945F0023D450 /* WelcomeViewController.swift */ = {isa = PBXFileReference; lastKnownFileType = sourcecode.swift; path = WelcomeViewController.swift; sourceTree = "<group>"; };
		A54EDDCE243AFBE900EDF874 /* MicroBlog.app */ = {isa = PBXFileReference; explicitFileType = wrapper.application; includeInIndex = 0; path = MicroBlog.app; sourceTree = BUILT_PRODUCTS_DIR; };
		A54EDDD1243AFBE900EDF874 /* AppDelegate.swift */ = {isa = PBXFileReference; lastKnownFileType = sourcecode.swift; path = AppDelegate.swift; sourceTree = "<group>"; };
		A54EDDD5243AFBE900EDF874 /* ViewController.swift */ = {isa = PBXFileReference; lastKnownFileType = sourcecode.swift; path = ViewController.swift; sourceTree = "<group>"; };
		A54EDDD8243AFBE900EDF874 /* Base */ = {isa = PBXFileReference; lastKnownFileType = file.storyboard; name = Base; path = Base.lproj/Main.storyboard; sourceTree = "<group>"; };
		A54EDDDA243AFBEB00EDF874 /* Assets.xcassets */ = {isa = PBXFileReference; lastKnownFileType = folder.assetcatalog; path = Assets.xcassets; sourceTree = "<group>"; };
		A54EDDDD243AFBEB00EDF874 /* Base */ = {isa = PBXFileReference; lastKnownFileType = file.storyboard; name = Base; path = Base.lproj/LaunchScreen.storyboard; sourceTree = "<group>"; };
		A54EDDDF243AFBEB00EDF874 /* Info.plist */ = {isa = PBXFileReference; lastKnownFileType = text.plist.xml; path = Info.plist; sourceTree = "<group>"; };
		A54EDE0F243B0BAB00EDF874 /* MainViewController.swift */ = {isa = PBXFileReference; lastKnownFileType = sourcecode.swift; path = MainViewController.swift; sourceTree = "<group>"; };
		A54EDE11243B0BD500EDF874 /* HomeTableViewController.swift */ = {isa = PBXFileReference; lastKnownFileType = sourcecode.swift; path = HomeTableViewController.swift; sourceTree = "<group>"; };
		A54EDE13243B0BE200EDF874 /* MessageTableViewController.swift */ = {isa = PBXFileReference; lastKnownFileType = sourcecode.swift; path = MessageTableViewController.swift; sourceTree = "<group>"; };
		A54EDE15243B0BE900EDF874 /* DiscoveryTableViewController.swift */ = {isa = PBXFileReference; lastKnownFileType = sourcecode.swift; path = DiscoveryTableViewController.swift; sourceTree = "<group>"; };
		A54EDE17243B0BF200EDF874 /* ProfileTableViewController.swift */ = {isa = PBXFileReference; lastKnownFileType = sourcecode.swift; path = ProfileTableViewController.swift; sourceTree = "<group>"; };
		A54EDE1A243B1DB400EDF874 /* UiButton+Extension.swift */ = {isa = PBXFileReference; lastKnownFileType = sourcecode.swift; path = "UiButton+Extension.swift"; sourceTree = "<group>"; };
		A54EDE1D243B248F00EDF874 /* VisitorTableViewController.swift */ = {isa = PBXFileReference; lastKnownFileType = sourcecode.swift; path = VisitorTableViewController.swift; sourceTree = "<group>"; };
		A54EDE1F243B273100EDF874 /* VisitorView.swift */ = {isa = PBXFileReference; lastKnownFileType = sourcecode.swift; path = VisitorView.swift; sourceTree = "<group>"; };
		A57E70FB2459B7A900EE2CEC /* OAuthViewController.swift */ = {isa = PBXFileReference; lastKnownFileType = sourcecode.swift; path = OAuthViewController.swift; sourceTree = "<group>"; };
		A57E70FE2459B85A00EE2CEC /* MicroBlog-Bridging-Header.h */ = {isa = PBXFileReference; lastKnownFileType = sourcecode.c.h; path = "MicroBlog-Bridging-Header.h"; sourceTree = "<group>"; };
		A57E71022459BCDB00EE2CEC /* LEESwiftTools.swift */ = {isa = PBXFileReference; fileEncoding = 4; lastKnownFileType = sourcecode.swift; path = LEESwiftTools.swift; sourceTree = "<group>"; };
		B7AF5E42E1B79C39DCBB0507 /* Pods_MicroBlog.framework */ = {isa = PBXFileReference; explicitFileType = wrapper.framework; includeInIndex = 0; path = Pods_MicroBlog.framework; sourceTree = BUILT_PRODUCTS_DIR; };
/* End PBXFileReference section */

/* Begin PBXFrameworksBuildPhase section */
		A54EDDCB243AFBE900EDF874 /* Frameworks */ = {
			isa = PBXFrameworksBuildPhase;
			buildActionMask = 2147483647;
			files = (
				DD1E267F2213A17B8553AFA3 /* Pods_MicroBlog.framework in Frameworks */,
			);
			runOnlyForDeploymentPostprocessing = 0;
		};
/* End PBXFrameworksBuildPhase section */

/* Begin PBXGroup section */
		4D9C7AF077EDBF4C1D11CD98 /* Frameworks */ = {
			isa = PBXGroup;
			children = (
				B7AF5E42E1B79C39DCBB0507 /* Pods_MicroBlog.framework */,
			);
			name = Frameworks;
			sourceTree = "<group>";
		};
		77F42B6D50D7C73926E6308B /* Pods */ = {
			isa = PBXGroup;
			children = (
				4CED9AA0888E4DA89A9B16CF /* Pods-MicroBlog.debug.xcconfig */,
				0C028D1B8E3082C7BC71A943 /* Pods-MicroBlog.release.xcconfig */,
			);
			path = Pods;
			sourceTree = "<group>";
		};
		A5211EC82462EDC300C93664 /* StatusCell */ = {
			isa = PBXGroup;
			children = (
				A5211EC92462EDE000C93664 /* StatusCell.swift */,
				A5211ECB2462EE0300C93664 /* StatusCellTopView.swift */,
				A5211ECD2462EE0C00C93664 /* StatusCellBottomView.swift */,
			);
			path = StatusCell;
			sourceTree = "<group>";
		};
		A52FDCEB246194330023D450 /* Welcome */ = {
			isa = PBXGroup;
			children = (
				A52FDCEC2461945F0023D450 /* WelcomeViewController.swift */,
			);
			path = Welcome;
			sourceTree = "<group>";
		};
		A54EDDC5243AFBE900EDF874 = {
			isa = PBXGroup;
			children = (
				A54EDDD0243AFBE900EDF874 /* MicroBlog */,
				A54EDDCF243AFBE900EDF874 /* Products */,
				77F42B6D50D7C73926E6308B /* Pods */,
				4D9C7AF077EDBF4C1D11CD98 /* Frameworks */,
			);
			sourceTree = "<group>";
		};
		A54EDDCF243AFBE900EDF874 /* Products */ = {
			isa = PBXGroup;
			children = (
				A54EDDCE243AFBE900EDF874 /* MicroBlog.app */,
			);
			name = Products;
			sourceTree = "<group>";
		};
		A54EDDD0243AFBE900EDF874 /* MicroBlog */ = {
			isa = PBXGroup;
			children = (
				A54EDE05243B09E700EDF874 /* Classes */,
				A54EDDD1243AFBE900EDF874 /* AppDelegate.swift */,
				A54EDDD5243AFBE900EDF874 /* ViewController.swift */,
				A54EDDD7243AFBE900EDF874 /* Main.storyboard */,
				A54EDDDA243AFBEB00EDF874 /* Assets.xcassets */,
				A54EDDDC243AFBEB00EDF874 /* LaunchScreen.storyboard */,
				A54EDDDF243AFBEB00EDF874 /* Info.plist */,
				A57E70FE2459B85A00EE2CEC /* MicroBlog-Bridging-Header.h */,
			);
			path = MicroBlog;
			sourceTree = "<group>";
		};
		A54EDE05243B09E700EDF874 /* Classes */ = {
			isa = PBXGroup;
			children = (
				A54EDE08243B0A1700EDF874 /* Tools */,
				A54EDE07243B09F100EDF874 /* View */,
				A54EDE06243B09EE00EDF874 /* Model */,
				A54EDE09243B0A5F00EDF874 /* ViewModel */,
			);
			path = Classes;
			sourceTree = "<group>";
		};
		A54EDE06243B09EE00EDF874 /* Model */ = {
			isa = PBXGroup;
			children = (
				A5211EC42462E7A900C93664 /* User.swift */,
				A5211EC02462C50100C93664 /* Status.swift */,
				A50C6BBB2460107200D9F2C1 /* UserAccount.swift */,
			);
			path = Model;
			sourceTree = "<group>";
		};
		A54EDE07243B09F100EDF874 /* View */ = {
			isa = PBXGroup;
			children = (
				A57E70FA2459B78900EE2CEC /* OAuth */,
				A54EDE0A243B0AA100EDF874 /* Main */,
				A54EDE0B243B0AA700EDF874 /* Home */,
				A54EDE0C243B0AAB00EDF874 /* Message */,
				A54EDE0D243B0ABD00EDF874 /* Discovery */,
				A54EDE0E243B0AC400EDF874 /* Profile */,
			);
			path = View;
			sourceTree = "<group>";
		};
		A54EDE08243B0A1700EDF874 /* Tools */ = {
			isa = PBXGroup;
			children = (
				A50FAD16243F5A560051764C /* Common.swift */,
				A50FAD18243F69B00051764C /* NetworkTools.swift */,
				A57E71022459BCDB00EE2CEC /* LEESwiftTools.swift */,
				A54EDE19243B1D9F00EDF874 /* Extension */,
			);
			path = Tools;
			sourceTree = "<group>";
		};
		A54EDE09243B0A5F00EDF874 /* ViewModel */ = {
			isa = PBXGroup;
			children = (
				A5211EC22462E45900C93664 /* StatusListViewModel.swift */,
				A52FDCE92460588F0023D450 /* UserAccountViewModel.swift */,
				A5211EC62462EBFF00C93664 /* StatusViewModel.swift */,
			);
			path = ViewModel;
			sourceTree = "<group>";
		};
		A54EDE0A243B0AA100EDF874 /* Main */ = {
			isa = PBXGroup;
			children = (
				A54EDE0F243B0BAB00EDF874 /* MainViewController.swift */,
				A54EDE1C243B246700EDF874 /* Visitor */,
				A52FDCEB246194330023D450 /* Welcome */,
			);
			path = Main;
			sourceTree = "<group>";
		};
		A54EDE0B243B0AA700EDF874 /* Home */ = {
			isa = PBXGroup;
			children = (
				A5211EC82462EDC300C93664 /* StatusCell */,
				A54EDE11243B0BD500EDF874 /* HomeTableViewController.swift */,
			);
			path = Home;
			sourceTree = "<group>";
		};
		A54EDE0C243B0AAB00EDF874 /* Message */ = {
			isa = PBXGroup;
			children = (
				A54EDE13243B0BE200EDF874 /* MessageTableViewController.swift */,
			);
			path = Message;
			sourceTree = "<group>";
		};
		A54EDE0D243B0ABD00EDF874 /* Discovery */ = {
			isa = PBXGroup;
			children = (
				A54EDE15243B0BE900EDF874 /* DiscoveryTableViewController.swift */,
			);
			path = Discovery;
			sourceTree = "<group>";
		};
		A54EDE0E243B0AC400EDF874 /* Profile */ = {
			isa = PBXGroup;
			children = (
				A54EDE17243B0BF200EDF874 /* ProfileTableViewController.swift */,
			);
			path = Profile;
			sourceTree = "<group>";
		};
		A54EDE19243B1D9F00EDF874 /* Extension */ = {
			isa = PBXGroup;
			children = (
				A50FAD12243F51B30051764C /* UILabel+Extension.swift */,
				A54EDE1A243B1DB400EDF874 /* UiButton+Extension.swift */,
				A50FAD14243F53920051764C /* UIImageView+Extension.swift */,
			);
			path = Extension;
			sourceTree = "<group>";
		};
		A54EDE1C243B246700EDF874 /* Visitor */ = {
			isa = PBXGroup;
			children = (
				A54EDE1D243B248F00EDF874 /* VisitorTableViewController.swift */,
				A54EDE1F243B273100EDF874 /* VisitorView.swift */,
			);
			path = Visitor;
			sourceTree = "<group>";
		};
		A57E70FA2459B78900EE2CEC /* OAuth */ = {
			isa = PBXGroup;
			children = (
				A57E70FB2459B7A900EE2CEC /* OAuthViewController.swift */,
			);
			path = OAuth;
			sourceTree = "<group>";
		};
/* End PBXGroup section */

/* Begin PBXNativeTarget section */
		A54EDDCD243AFBE900EDF874 /* MicroBlog */ = {
			isa = PBXNativeTarget;
			buildConfigurationList = A54EDDE2243AFBEB00EDF874 /* Build configuration list for PBXNativeTarget "MicroBlog" */;
			buildPhases = (
				5DE1AA2D23F0FF80E64AF235 /* [CP] Check Pods Manifest.lock */,
				A54EDDCA243AFBE900EDF874 /* Sources */,
				A54EDDCB243AFBE900EDF874 /* Frameworks */,
				A54EDDCC243AFBE900EDF874 /* Resources */,
				1E0FE04F323D9F5A6ECD7827 /* [CP] Embed Pods Frameworks */,
			);
			buildRules = (
			);
			dependencies = (
			);
			name = MicroBlog;
			productName = MicroBlog;
			productReference = A54EDDCE243AFBE900EDF874 /* MicroBlog.app */;
			productType = "com.apple.product-type.application";
		};
/* End PBXNativeTarget section */

/* Begin PBXProject section */
		A54EDDC6243AFBE900EDF874 /* Project object */ = {
			isa = PBXProject;
			attributes = {
				LastSwiftUpdateCheck = 1140;
				LastUpgradeCheck = 1140;
				ORGANIZATIONNAME = yuanlee;
				TargetAttributes = {
					A54EDDCD243AFBE900EDF874 = {
						CreatedOnToolsVersion = 11.4;
						LastSwiftMigration = 1140;
					};
				};
			};
			buildConfigurationList = A54EDDC9243AFBE900EDF874 /* Build configuration list for PBXProject "MicroBlog" */;
			compatibilityVersion = "Xcode 11.0";
			developmentRegion = en;
			hasScannedForEncodings = 0;
			knownRegions = (
				en,
				Base,
			);
			mainGroup = A54EDDC5243AFBE900EDF874;
			productRefGroup = A54EDDCF243AFBE900EDF874 /* Products */;
			projectDirPath = "";
			projectRoot = "";
			targets = (
				A54EDDCD243AFBE900EDF874 /* MicroBlog */,
			);
		};
/* End PBXProject section */

/* Begin PBXResourcesBuildPhase section */
		A54EDDCC243AFBE900EDF874 /* Resources */ = {
			isa = PBXResourcesBuildPhase;
			buildActionMask = 2147483647;
			files = (
				A54EDDDE243AFBEB00EDF874 /* LaunchScreen.storyboard in Resources */,
				A54EDDDB243AFBEB00EDF874 /* Assets.xcassets in Resources */,
				A54EDDD9243AFBE900EDF874 /* Main.storyboard in Resources */,
			);
			runOnlyForDeploymentPostprocessing = 0;
		};
/* End PBXResourcesBuildPhase section */

/* Begin PBXShellScriptBuildPhase section */
		1E0FE04F323D9F5A6ECD7827 /* [CP] Embed Pods Frameworks */ = {
			isa = PBXShellScriptBuildPhase;
			buildActionMask = 2147483647;
			files = (
			);
			inputFileListPaths = (
				"${PODS_ROOT}/Target Support Files/Pods-MicroBlog/Pods-MicroBlog-frameworks-${CONFIGURATION}-input-files.xcfilelist",
			);
			name = "[CP] Embed Pods Frameworks";
			outputFileListPaths = (
				"${PODS_ROOT}/Target Support Files/Pods-MicroBlog/Pods-MicroBlog-frameworks-${CONFIGURATION}-output-files.xcfilelist",
			);
			runOnlyForDeploymentPostprocessing = 0;
			shellPath = /bin/sh;
			shellScript = "\"${PODS_ROOT}/Target Support Files/Pods-MicroBlog/Pods-MicroBlog-frameworks.sh\"\n";
			showEnvVarsInLog = 0;
		};
		5DE1AA2D23F0FF80E64AF235 /* [CP] Check Pods Manifest.lock */ = {
			isa = PBXShellScriptBuildPhase;
			buildActionMask = 2147483647;
			files = (
			);
			inputPaths = (
				"${PODS_PODFILE_DIR_PATH}/Podfile.lock",
				"${PODS_ROOT}/Manifest.lock",
			);
			name = "[CP] Check Pods Manifest.lock";
			outputPaths = (
				"$(DERIVED_FILE_DIR)/Pods-MicroBlog-checkManifestLockResult.txt",
			);
			runOnlyForDeploymentPostprocessing = 0;
			shellPath = /bin/sh;
			shellScript = "diff \"${PODS_PODFILE_DIR_PATH}/Podfile.lock\" \"${PODS_ROOT}/Manifest.lock\" > /dev/null\nif [ $? != 0 ] ; then\n    # print error to STDERR\n    echo \"error: The sandbox is not in sync with the Podfile.lock. Run 'pod install' or update your CocoaPods installation.\" >&2\n    exit 1\nfi\n# This output is used by Xcode 'outputs' to avoid re-running this script phase.\necho \"SUCCESS\" > \"${SCRIPT_OUTPUT_FILE_0}\"\n";
			showEnvVarsInLog = 0;
		};
/* End PBXShellScriptBuildPhase section */

/* Begin PBXSourcesBuildPhase section */
		A54EDDCA243AFBE900EDF874 /* Sources */ = {
			isa = PBXSourcesBuildPhase;
			buildActionMask = 2147483647;
			files = (
				A50FAD19243F69B00051764C /* NetworkTools.swift in Sources */,
				A52FDCEA2460588F0023D450 /* UserAccountViewModel.swift in Sources */,
				A5211ECC2462EE0300C93664 /* StatusCellTopView.swift in Sources */,
				A50FAD13243F51B30051764C /* UILabel+Extension.swift in Sources */,
				A57E71032459BCDB00EE2CEC /* LEESwiftTools.swift in Sources */,
				A54EDE18243B0BF200EDF874 /* ProfileTableViewController.swift in Sources */,
				A50FAD17243F5A560051764C /* Common.swift in Sources */,
				A57E70FC2459B7A900EE2CEC /* OAuthViewController.swift in Sources */,
				A54EDE16243B0BE900EDF874 /* DiscoveryTableViewController.swift in Sources */,
				A54EDE12243B0BD500EDF874 /* HomeTableViewController.swift in Sources */,
				A50C6BBC2460107200D9F2C1 /* UserAccount.swift in Sources */,
				A5211EC52462E7A900C93664 /* User.swift in Sources */,
				A54EDE10243B0BAB00EDF874 /* MainViewController.swift in Sources */,
				A5211EC12462C50100C93664 /* Status.swift in Sources */,
				A54EDE14243B0BE200EDF874 /* MessageTableViewController.swift in Sources */,
				A50FAD15243F53920051764C /* UIImageView+Extension.swift in Sources */,
				A5211EC32462E45900C93664 /* StatusListViewModel.swift in Sources */,
				A54EDE1B243B1DB400EDF874 /* UiButton+Extension.swift in Sources */,
				A5211EC72462EBFF00C93664 /* StatusViewModel.swift in Sources */,
				A54EDE1E243B248F00EDF874 /* VisitorTableViewController.swift in Sources */,
				A54EDE20243B273100EDF874 /* VisitorView.swift in Sources */,
				A5211ECE2462EE0C00C93664 /* StatusCellBottomView.swift in Sources */,
				A54EDDD6243AFBE900EDF874 /* ViewController.swift in Sources */,
				A54EDDD2243AFBE900EDF874 /* AppDelegate.swift in Sources */,
				A52FDCED2461945F0023D450 /* WelcomeViewController.swift in Sources */,
				A5211ECA2462EDE000C93664 /* StatusCell.swift in Sources */,
			);
			runOnlyForDeploymentPostprocessing = 0;
		};
/* End PBXSourcesBuildPhase section */

/* Begin PBXVariantGroup section */
		A54EDDD7243AFBE900EDF874 /* Main.storyboard */ = {
			isa = PBXVariantGroup;
			children = (
				A54EDDD8243AFBE900EDF874 /* Base */,
			);
			name = Main.storyboard;
			sourceTree = "<group>";
		};
		A54EDDDC243AFBEB00EDF874 /* LaunchScreen.storyboard */ = {
			isa = PBXVariantGroup;
			children = (
				A54EDDDD243AFBEB00EDF874 /* Base */,
			);
			name = LaunchScreen.storyboard;
			sourceTree = "<group>";
		};
/* End PBXVariantGroup section */

/* Begin XCBuildConfiguration section */
		A54EDDE0243AFBEB00EDF874 /* Debug */ = {
			isa = XCBuildConfiguration;
			buildSettings = {
				ALWAYS_SEARCH_USER_PATHS = NO;
				CLANG_ANALYZER_NONNULL = YES;
				CLANG_ANALYZER_NUMBER_OBJECT_CONVERSION = YES_AGGRESSIVE;
				CLANG_CXX_LANGUAGE_STANDARD = "gnu++14";
				CLANG_CXX_LIBRARY = "libc++";
				CLANG_ENABLE_MODULES = YES;
				CLANG_ENABLE_OBJC_ARC = YES;
				CLANG_ENABLE_OBJC_WEAK = YES;
				CLANG_WARN_BLOCK_CAPTURE_AUTORELEASING = YES;
				CLANG_WARN_BOOL_CONVERSION = YES;
				CLANG_WARN_COMMA = YES;
				CLANG_WARN_CONSTANT_CONVERSION = YES;
				CLANG_WARN_DEPRECATED_OBJC_IMPLEMENTATIONS = YES;
				CLANG_WARN_DIRECT_OBJC_ISA_USAGE = YES_ERROR;
				CLANG_WARN_DOCUMENTATION_COMMENTS = YES;
				CLANG_WARN_EMPTY_BODY = YES;
				CLANG_WARN_ENUM_CONVERSION = YES;
				CLANG_WARN_INFINITE_RECURSION = YES;
				CLANG_WARN_INT_CONVERSION = YES;
				CLANG_WARN_NON_LITERAL_NULL_CONVERSION = YES;
				CLANG_WARN_OBJC_IMPLICIT_RETAIN_SELF = YES;
				CLANG_WARN_OBJC_LITERAL_CONVERSION = YES;
				CLANG_WARN_OBJC_ROOT_CLASS = YES_ERROR;
				CLANG_WARN_RANGE_LOOP_ANALYSIS = YES;
				CLANG_WARN_STRICT_PROTOTYPES = YES;
				CLANG_WARN_SUSPICIOUS_MOVE = YES;
				CLANG_WARN_UNGUARDED_AVAILABILITY = YES_AGGRESSIVE;
				CLANG_WARN_UNREACHABLE_CODE = YES;
				CLANG_WARN__DUPLICATE_METHOD_MATCH = YES;
				COPY_PHASE_STRIP = NO;
				DEBUG_INFORMATION_FORMAT = dwarf;
				ENABLE_STRICT_OBJC_MSGSEND = YES;
				ENABLE_TESTABILITY = YES;
				GCC_C_LANGUAGE_STANDARD = gnu11;
				GCC_DYNAMIC_NO_PIC = NO;
				GCC_NO_COMMON_BLOCKS = YES;
				GCC_OPTIMIZATION_LEVEL = 0;
				GCC_PREPROCESSOR_DEFINITIONS = (
					"DEBUG=1",
					"$(inherited)",
				);
				GCC_WARN_64_TO_32_BIT_CONVERSION = YES;
				GCC_WARN_ABOUT_RETURN_TYPE = YES_ERROR;
				GCC_WARN_UNDECLARED_SELECTOR = YES;
				GCC_WARN_UNINITIALIZED_AUTOS = YES_AGGRESSIVE;
				GCC_WARN_UNUSED_FUNCTION = YES;
				GCC_WARN_UNUSED_VARIABLE = YES;
				IPHONEOS_DEPLOYMENT_TARGET = 13.4;
				MTL_ENABLE_DEBUG_INFO = INCLUDE_SOURCE;
				MTL_FAST_MATH = YES;
				ONLY_ACTIVE_ARCH = YES;
				SDKROOT = iphoneos;
				SWIFT_ACTIVE_COMPILATION_CONDITIONS = DEBUG;
				SWIFT_OPTIMIZATION_LEVEL = "-Onone";
			};
			name = Debug;
		};
		A54EDDE1243AFBEB00EDF874 /* Release */ = {
			isa = XCBuildConfiguration;
			buildSettings = {
				ALWAYS_SEARCH_USER_PATHS = NO;
				CLANG_ANALYZER_NONNULL = YES;
				CLANG_ANALYZER_NUMBER_OBJECT_CONVERSION = YES_AGGRESSIVE;
				CLANG_CXX_LANGUAGE_STANDARD = "gnu++14";
				CLANG_CXX_LIBRARY = "libc++";
				CLANG_ENABLE_MODULES = YES;
				CLANG_ENABLE_OBJC_ARC = YES;
				CLANG_ENABLE_OBJC_WEAK = YES;
				CLANG_WARN_BLOCK_CAPTURE_AUTORELEASING = YES;
				CLANG_WARN_BOOL_CONVERSION = YES;
				CLANG_WARN_COMMA = YES;
				CLANG_WARN_CONSTANT_CONVERSION = YES;
				CLANG_WARN_DEPRECATED_OBJC_IMPLEMENTATIONS = YES;
				CLANG_WARN_DIRECT_OBJC_ISA_USAGE = YES_ERROR;
				CLANG_WARN_DOCUMENTATION_COMMENTS = YES;
				CLANG_WARN_EMPTY_BODY = YES;
				CLANG_WARN_ENUM_CONVERSION = YES;
				CLANG_WARN_INFINITE_RECURSION = YES;
				CLANG_WARN_INT_CONVERSION = YES;
				CLANG_WARN_NON_LITERAL_NULL_CONVERSION = YES;
				CLANG_WARN_OBJC_IMPLICIT_RETAIN_SELF = YES;
				CLANG_WARN_OBJC_LITERAL_CONVERSION = YES;
				CLANG_WARN_OBJC_ROOT_CLASS = YES_ERROR;
				CLANG_WARN_RANGE_LOOP_ANALYSIS = YES;
				CLANG_WARN_STRICT_PROTOTYPES = YES;
				CLANG_WARN_SUSPICIOUS_MOVE = YES;
				CLANG_WARN_UNGUARDED_AVAILABILITY = YES_AGGRESSIVE;
				CLANG_WARN_UNREACHABLE_CODE = YES;
				CLANG_WARN__DUPLICATE_METHOD_MATCH = YES;
				COPY_PHASE_STRIP = NO;
				DEBUG_INFORMATION_FORMAT = "dwarf-with-dsym";
				ENABLE_NS_ASSERTIONS = NO;
				ENABLE_STRICT_OBJC_MSGSEND = YES;
				GCC_C_LANGUAGE_STANDARD = gnu11;
				GCC_NO_COMMON_BLOCKS = YES;
				GCC_WARN_64_TO_32_BIT_CONVERSION = YES;
				GCC_WARN_ABOUT_RETURN_TYPE = YES_ERROR;
				GCC_WARN_UNDECLARED_SELECTOR = YES;
				GCC_WARN_UNINITIALIZED_AUTOS = YES_AGGRESSIVE;
				GCC_WARN_UNUSED_FUNCTION = YES;
				GCC_WARN_UNUSED_VARIABLE = YES;
				IPHONEOS_DEPLOYMENT_TARGET = 13.4;
				MTL_ENABLE_DEBUG_INFO = NO;
				MTL_FAST_MATH = YES;
				SDKROOT = iphoneos;
				SWIFT_COMPILATION_MODE = wholemodule;
				SWIFT_OPTIMIZATION_LEVEL = "-O";
				VALIDATE_PRODUCT = YES;
			};
			name = Release;
		};
		A54EDDE3243AFBEB00EDF874 /* Debug */ = {
			isa = XCBuildConfiguration;
			baseConfigurationReference = 4CED9AA0888E4DA89A9B16CF /* Pods-MicroBlog.debug.xcconfig */;
			buildSettings = {
				ASSETCATALOG_COMPILER_APPICON_NAME = AppIcon;
				CLANG_ENABLE_MODULES = YES;
				CODE_SIGN_STYLE = Automatic;
				DEVELOPMENT_TEAM = SJ9X94FJ52;
				INFOPLIST_FILE = MicroBlog/Info.plist;
				IPHONEOS_DEPLOYMENT_TARGET = 10.0;
				LD_RUNPATH_SEARCH_PATHS = (
					"$(inherited)",
					"@executable_path/Frameworks",
				);
				MARKETING_VERSION = 1.0;
				PRODUCT_BUNDLE_IDENTIFIER = com.yuanlee.MicroBlog;
				PRODUCT_NAME = "$(TARGET_NAME)";
				SWIFT_OBJC_BRIDGING_HEADER = "MicroBlog/MicroBlog-Bridging-Header.h";
				SWIFT_OPTIMIZATION_LEVEL = "-Onone";
				SWIFT_VERSION = 5.0;
				TARGETED_DEVICE_FAMILY = "1,2";
			};
			name = Debug;
		};
		A54EDDE4243AFBEB00EDF874 /* Release */ = {
			isa = XCBuildConfiguration;
			baseConfigurationReference = 0C028D1B8E3082C7BC71A943 /* Pods-MicroBlog.release.xcconfig */;
			buildSettings = {
				ASSETCATALOG_COMPILER_APPICON_NAME = AppIcon;
				CLANG_ENABLE_MODULES = YES;
				CODE_SIGN_STYLE = Automatic;
				DEVELOPMENT_TEAM = SJ9X94FJ52;
				INFOPLIST_FILE = MicroBlog/Info.plist;
				IPHONEOS_DEPLOYMENT_TARGET = 10.0;
				LD_RUNPATH_SEARCH_PATHS = (
					"$(inherited)",
					"@executable_path/Frameworks",
				);
				MARKETING_VERSION = 1.0;
				PRODUCT_BUNDLE_IDENTIFIER = com.yuanlee.MicroBlog;
				PRODUCT_NAME = "$(TARGET_NAME)";
				SWIFT_OBJC_BRIDGING_HEADER = "MicroBlog/MicroBlog-Bridging-Header.h";
				SWIFT_VERSION = 5.0;
				TARGETED_DEVICE_FAMILY = "1,2";
			};
			name = Release;
		};
/* End XCBuildConfiguration section */

/* Begin XCConfigurationList section */
		A54EDDC9243AFBE900EDF874 /* Build configuration list for PBXProject "MicroBlog" */ = {
			isa = XCConfigurationList;
			buildConfigurations = (
				A54EDDE0243AFBEB00EDF874 /* Debug */,
				A54EDDE1243AFBEB00EDF874 /* Release */,
			);
			defaultConfigurationIsVisible = 0;
			defaultConfigurationName = Release;
		};
		A54EDDE2243AFBEB00EDF874 /* Build configuration list for PBXNativeTarget "MicroBlog" */ = {
			isa = XCConfigurationList;
			buildConfigurations = (
				A54EDDE3243AFBEB00EDF874 /* Debug */,
				A54EDDE4243AFBEB00EDF874 /* Release */,
			);
			defaultConfigurationIsVisible = 0;
			defaultConfigurationName = Release;
		};
/* End XCConfigurationList section */
	};
	rootObject = A54EDDC6243AFBE900EDF874 /* Project object */;
}
