// !$*UTF8*$!
{
	archiveVersion = 1;
	classes = {
	};
	objectVersion = 50;
	objects = {

/* Begin PBXBuildFile section */
		A54EDDD2243AFBE900EDF874 /* AppDelegate.swift in Sources */ = {isa = PBXBuildFile; fileRef = A54EDDD1243AFBE900EDF874 /* AppDelegate.swift */; };
		A54EDDD6243AFBE900EDF874 /* ViewController.swift in Sources */ = {isa = PBXBuildFile; fileRef = A54EDDD5243AFBE900EDF874 /* ViewController.swift */; };
		A54EDDD9243AFBE900EDF874 /* Main.storyboard in Resources */ = {isa = PBXBuildFile; fileRef = A54EDDD7243AFBE900EDF874 /* Main.storyboard */; };
		A54EDDDB243AFBEB00EDF874 /* Assets.xcassets in Resources */ = {isa = PBXBuildFile; fileRef = A54EDDDA243AFBEB00EDF874 /* Assets.xcassets */; };
		A54EDDDE243AFBEB00EDF874 /* LaunchScreen.storyboard in Resources */ = {isa = PBXBuildFile; fileRef = A54EDDDC243AFBEB00EDF874 /* LaunchScreen.storyboard */; };
		A54EDE10243B0BAB00EDF874 /* MainViewController.swift in Sources */ = {isa = PBXBuildFile; fileRef = A54EDE0F243B0BAB00EDF874 /* MainViewController.swift */; };
		A54EDE12243B0BD500EDF874 /* HomeTableViewController.swift in Sources */ = {isa = PBXBuildFile; fileRef = A54EDE11243B0BD500EDF874 /* HomeTableViewController.swift */; };
		A54EDE14243B0BE200EDF874 /* MessageTableViewController.swift in Sources */ = {isa = PBXBuildFile; fileRef = A54EDE13243B0BE200EDF874 /* MessageTableViewController.swift */; };
		A54EDE16243B0BE900EDF874 /* DiscoveryTableViewController.swift in Sources */ = {isa = PBXBuildFile; fileRef = A54EDE15243B0BE900EDF874 /* DiscoveryTableViewController.swift */; };
		A54EDE18243B0BF200EDF874 /* ProfileTableViewController.swift in Sources */ = {isa = PBXBuildFile; fileRef = A54EDE17243B0BF200EDF874 /* ProfileTableViewController.swift */; };
/* End PBXBuildFile section */

/* Begin PBXFileReference section */
		A54EDDCE243AFBE900EDF874 /* MicroBlog.app */ = {isa = PBXFileReference; explicitFileType = wrapper.application; includeInIndex = 0; path = MicroBlog.app; sourceTree = BUILT_PRODUCTS_DIR; };
		A54EDDD1243AFBE900EDF874 /* AppDelegate.swift */ = {isa = PBXFileReference; lastKnownFileType = sourcecode.swift; path = AppDelegate.swift; sourceTree = "<group>"; };
		A54EDDD5243AFBE900EDF874 /* ViewController.swift */ = {isa = PBXFileReference; lastKnownFileType = sourcecode.swift; path = ViewController.swift; sourceTree = "<group>"; };
		A54EDDD8243AFBE900EDF874 /* Base */ = {isa = PBXFileReference; lastKnownFileType = file.storyboard; name = Base; path = Base.lproj/Main.storyboard; sourceTree = "<group>"; };
		A54EDDDA243AFBEB00EDF874 /* Assets.xcassets */ = {isa = PBXFileReference; lastKnownFileType = folder.assetcatalog; path = Assets.xcassets; sourceTree = "<group>"; };
		A54EDDDD243AFBEB00EDF874 /* Base */ = {isa = PBXFileReference; lastKnownFileType = file.storyboard; name = Base; path = Base.lproj/LaunchScreen.storyboard; sourceTree = "<group>"; };
		A54EDDDF243AFBEB00EDF874 /* Info.plist */ = {isa = PBXFileReference; lastKnownFileType = text.plist.xml; path = Info.plist; sourceTree = "<group>"; };
		A54EDE0F243B0BAB00EDF874 /* MainViewController.swift */ = {isa = PBXFileReference; lastKnownFileType = sourcecode.swift; path = MainViewController.swift; sourceTree = "<group>"; };
		A54EDE11243B0BD500EDF874 /* HomeTableViewController.swift */ = {isa = PBXFileReference; lastKnownFileType = sourcecode.swift; path = HomeTableViewController.swift; sourceTree = "<group>"; };
		A54EDE13243B0BE200EDF874 /* MessageTableViewController.swift */ = {isa = PBXFileReference; lastKnownFileType = sourcecode.swift; path = MessageTableViewController.swift; sourceTree = "<group>"; };
		A54EDE15243B0BE900EDF874 /* DiscoveryTableViewController.swift */ = {isa = PBXFileReference; lastKnownFileType = sourcecode.swift; path = DiscoveryTableViewController.swift; sourceTree = "<group>"; };
		A54EDE17243B0BF200EDF874 /* ProfileTableViewController.swift */ = {isa = PBXFileReference; lastKnownFileType = sourcecode.swift; path = ProfileTableViewController.swift; sourceTree = "<group>"; };
/* End PBXFileReference section */

/* Begin PBXFrameworksBuildPhase section */
		A54EDDCB243AFBE900EDF874 /* Frameworks */ = {
			isa = PBXFrameworksBuildPhase;
			buildActionMask = 2147483647;
			files = (
			);
			runOnlyForDeploymentPostprocessing = 0;
		};
/* End PBXFrameworksBuildPhase section */

/* Begin PBXGroup section */
		A54EDDC5243AFBE900EDF874 = {
			isa = PBXGroup;
			children = (
				A54EDDD0243AFBE900EDF874 /* MicroBlog */,
				A54EDDCF243AFBE900EDF874 /* Products */,
			);
			sourceTree = "<group>";
		};
		A54EDDCF243AFBE900EDF874 /* Products */ = {
			isa = PBXGroup;
			children = (
				A54EDDCE243AFBE900EDF874 /* MicroBlog.app */,
			);
			name = Products;
			sourceTree = "<group>";
		};
		A54EDDD0243AFBE900EDF874 /* MicroBlog */ = {
			isa = PBXGroup;
			children = (
				A54EDE05243B09E700EDF874 /* Classes */,
				A54EDDD1243AFBE900EDF874 /* AppDelegate.swift */,
				A54EDDD5243AFBE900EDF874 /* ViewController.swift */,
				A54EDDD7243AFBE900EDF874 /* Main.storyboard */,
				A54EDDDA243AFBEB00EDF874 /* Assets.xcassets */,
				A54EDDDC243AFBEB00EDF874 /* LaunchScreen.storyboard */,
				A54EDDDF243AFBEB00EDF874 /* Info.plist */,
			);
			path = MicroBlog;
			sourceTree = "<group>";
		};
		A54EDE05243B09E700EDF874 /* Classes */ = {
			isa = PBXGroup;
			children = (
				A54EDE07243B09F100EDF874 /* View */,
				A54EDE08243B0A1700EDF874 /* Tools */,
				A54EDE06243B09EE00EDF874 /* Model */,
				A54EDE09243B0A5F00EDF874 /* ViewModel */,
			);
			path = Classes;
			sourceTree = "<group>";
		};
		A54EDE06243B09EE00EDF874 /* Model */ = {
			isa = PBXGroup;
			children = (
			);
			path = Model;
			sourceTree = "<group>";
		};
		A54EDE07243B09F100EDF874 /* View */ = {
			isa = PBXGroup;
			children = (
				A54EDE0A243B0AA100EDF874 /* Main */,
				A54EDE0B243B0AA700EDF874 /* Home */,
				A54EDE0C243B0AAB00EDF874 /* Message */,
				A54EDE0D243B0ABD00EDF874 /* Discovery */,
				A54EDE0E243B0AC400EDF874 /* Profile */,
			);
			path = View;
			sourceTree = "<group>";
		};
		A54EDE08243B0A1700EDF874 /* Tools */ = {
			isa = PBXGroup;
			children = (
			);
			path = Tools;
			sourceTree = "<group>";
		};
		A54EDE09243B0A5F00EDF874 /* ViewModel */ = {
			isa = PBXGroup;
			children = (
			);
			path = ViewModel;
			sourceTree = "<group>";
		};
		A54EDE0A243B0AA100EDF874 /* Main */ = {
			isa = PBXGroup;
			children = (
				A54EDE0F243B0BAB00EDF874 /* MainViewController.swift */,
			);
			path = Main;
			sourceTree = "<group>";
		};
		A54EDE0B243B0AA700EDF874 /* Home */ = {
			isa = PBXGroup;
			children = (
				A54EDE11243B0BD500EDF874 /* HomeTableViewController.swift */,
			);
			path = Home;
			sourceTree = "<group>";
		};
		A54EDE0C243B0AAB00EDF874 /* Message */ = {
			isa = PBXGroup;
			children = (
				A54EDE13243B0BE200EDF874 /* MessageTableViewController.swift */,
			);
			path = Message;
			sourceTree = "<group>";
		};
		A54EDE0D243B0ABD00EDF874 /* Discovery */ = {
			isa = PBXGroup;
			children = (
				A54EDE15243B0BE900EDF874 /* DiscoveryTableViewController.swift */,
			);
			path = Discovery;
			sourceTree = "<group>";
		};
		A54EDE0E243B0AC400EDF874 /* Profile */ = {
			isa = PBXGroup;
			children = (
				A54EDE17243B0BF200EDF874 /* ProfileTableViewController.swift */,
			);
			path = Profile;
			sourceTree = "<group>";
		};
/* End PBXGroup section */

/* Begin PBXNativeTarget section */
		A54EDDCD243AFBE900EDF874 /* MicroBlog */ = {
			isa = PBXNativeTarget;
			buildConfigurationList = A54EDDE2243AFBEB00EDF874 /* Build configuration list for PBXNativeTarget "MicroBlog" */;
			buildPhases = (
				A54EDDCA243AFBE900EDF874 /* Sources */,
				A54EDDCB243AFBE900EDF874 /* Frameworks */,
				A54EDDCC243AFBE900EDF874 /* Resources */,
			);
			buildRules = (
			);
			dependencies = (
			);
			name = MicroBlog;
			productName = MicroBlog;
			productReference = A54EDDCE243AFBE900EDF874 /* MicroBlog.app */;
			productType = "com.apple.product-type.application";
		};
/* End PBXNativeTarget section */

/* Begin PBXProject section */
		A54EDDC6243AFBE900EDF874 /* Project object */ = {
			isa = PBXProject;
			attributes = {
				LastSwiftUpdateCheck = 1140;
				LastUpgradeCheck = 1140;
				ORGANIZATIONNAME = yuanlee;
				TargetAttributes = {
					A54EDDCD243AFBE900EDF874 = {
						CreatedOnToolsVersion = 11.4;
					};
				};
			};
			buildConfigurationList = A54EDDC9243AFBE900EDF874 /* Build configuration list for PBXProject "MicroBlog" */;
			compatibilityVersion = "Xcode 9.3";
			developmentRegion = en;
			hasScannedForEncodings = 0;
			knownRegions = (
				en,
				Base,
			);
			mainGroup = A54EDDC5243AFBE900EDF874;
			productRefGroup = A54EDDCF243AFBE900EDF874 /* Products */;
			projectDirPath = "";
			projectRoot = "";
			targets = (
				A54EDDCD243AFBE900EDF874 /* MicroBlog */,
			);
		};
/* End PBXProject section */

/* Begin PBXResourcesBuildPhase section */
		A54EDDCC243AFBE900EDF874 /* Resources */ = {
			isa = PBXResourcesBuildPhase;
			buildActionMask = 2147483647;
			files = (
				A54EDDDE243AFBEB00EDF874 /* LaunchScreen.storyboard in Resources */,
				A54EDDDB243AFBEB00EDF874 /* Assets.xcassets in Resources */,
				A54EDDD9243AFBE900EDF874 /* Main.storyboard in Resources */,
			);
			runOnlyForDeploymentPostprocessing = 0;
		};
/* End PBXResourcesBuildPhase section */

/* Begin PBXSourcesBuildPhase section */
		A54EDDCA243AFBE900EDF874 /* Sources */ = {
			isa = PBXSourcesBuildPhase;
			buildActionMask = 2147483647;
			files = (
				A54EDE18243B0BF200EDF874 /* ProfileTableViewController.swift in Sources */,
				A54EDE16243B0BE900EDF874 /* DiscoveryTableViewController.swift in Sources */,
				A54EDE12243B0BD500EDF874 /* HomeTableViewController.swift in Sources */,
				A54EDE10243B0BAB00EDF874 /* MainViewController.swift in Sources */,
				A54EDE14243B0BE200EDF874 /* MessageTableViewController.swift in Sources */,
				A54EDDD6243AFBE900EDF874 /* ViewController.swift in Sources */,
				A54EDDD2243AFBE900EDF874 /* AppDelegate.swift in Sources */,
			);
			runOnlyForDeploymentPostprocessing = 0;
		};
/* End PBXSourcesBuildPhase section */

/* Begin PBXVariantGroup section */
		A54EDDD7243AFBE900EDF874 /* Main.storyboard */ = {
			isa = PBXVariantGroup;
			children = (
				A54EDDD8243AFBE900EDF874 /* Base */,
			);
			name = Main.storyboard;
			sourceTree = "<group>";
		};
		A54EDDDC243AFBEB00EDF874 /* LaunchScreen.storyboard */ = {
			isa = PBXVariantGroup;
			children = (
				A54EDDDD243AFBEB00EDF874 /* Base */,
			);
			name = LaunchScreen.storyboard;
			sourceTree = "<group>";
		};
/* End PBXVariantGroup section */

/* Begin XCBuildConfiguration section */
		A54EDDE0243AFBEB00EDF874 /* Debug */ = {
			isa = XCBuildConfiguration;
			buildSettings = {
				ALWAYS_SEARCH_USER_PATHS = NO;
				CLANG_ANALYZER_NONNULL = YES;
				CLANG_ANALYZER_NUMBER_OBJECT_CONVERSION = YES_AGGRESSIVE;
				CLANG_CXX_LANGUAGE_STANDARD = "gnu++14";
				CLANG_CXX_LIBRARY = "libc++";
				CLANG_ENABLE_MODULES = YES;
				CLANG_ENABLE_OBJC_ARC = YES;
				CLANG_ENABLE_OBJC_WEAK = YES;
				CLANG_WARN_BLOCK_CAPTURE_AUTORELEASING = YES;
				CLANG_WARN_BOOL_CONVERSION = YES;
				CLANG_WARN_COMMA = YES;
				CLANG_WARN_CONSTANT_CONVERSION = YES;
				CLANG_WARN_DEPRECATED_OBJC_IMPLEMENTATIONS = YES;
				CLANG_WARN_DIRECT_OBJC_ISA_USAGE = YES_ERROR;
				CLANG_WARN_DOCUMENTATION_COMMENTS = YES;
				CLANG_WARN_EMPTY_BODY = YES;
				CLANG_WARN_ENUM_CONVERSION = YES;
				CLANG_WARN_INFINITE_RECURSION = YES;
				CLANG_WARN_INT_CONVERSION = YES;
				CLANG_WARN_NON_LITERAL_NULL_CONVERSION = YES;
				CLANG_WARN_OBJC_IMPLICIT_RETAIN_SELF = YES;
				CLANG_WARN_OBJC_LITERAL_CONVERSION = YES;
				CLANG_WARN_OBJC_ROOT_CLASS = YES_ERROR;
				CLANG_WARN_RANGE_LOOP_ANALYSIS = YES;
				CLANG_WARN_STRICT_PROTOTYPES = YES;
				CLANG_WARN_SUSPICIOUS_MOVE = YES;
				CLANG_WARN_UNGUARDED_AVAILABILITY = YES_AGGRESSIVE;
				CLANG_WARN_UNREACHABLE_CODE = YES;
				CLANG_WARN__DUPLICATE_METHOD_MATCH = YES;
				COPY_PHASE_STRIP = NO;
				DEBUG_INFORMATION_FORMAT = dwarf;
				ENABLE_STRICT_OBJC_MSGSEND = YES;
				ENABLE_TESTABILITY = YES;
				GCC_C_LANGUAGE_STANDARD = gnu11;
				GCC_DYNAMIC_NO_PIC = NO;
				GCC_NO_COMMON_BLOCKS = YES;
				GCC_OPTIMIZATION_LEVEL = 0;
				GCC_PREPROCESSOR_DEFINITIONS = (
					"DEBUG=1",
					"$(inherited)",
				);
				GCC_WARN_64_TO_32_BIT_CONVERSION = YES;
				GCC_WARN_ABOUT_RETURN_TYPE = YES_ERROR;
				GCC_WARN_UNDECLARED_SELECTOR = YES;
				GCC_WARN_UNINITIALIZED_AUTOS = YES_AGGRESSIVE;
				GCC_WARN_UNUSED_FUNCTION = YES;
				GCC_WARN_UNUSED_VARIABLE = YES;
				IPHONEOS_DEPLOYMENT_TARGET = 13.4;
				MTL_ENABLE_DEBUG_INFO = INCLUDE_SOURCE;
				MTL_FAST_MATH = YES;
				ONLY_ACTIVE_ARCH = YES;
				SDKROOT = iphoneos;
				SWIFT_ACTIVE_COMPILATION_CONDITIONS = DEBUG;
				SWIFT_OPTIMIZATION_LEVEL = "-Onone";
			};
			name = Debug;
		};
		A54EDDE1243AFBEB00EDF874 /* Release */ = {
			isa = XCBuildConfiguration;
			buildSettings = {
				ALWAYS_SEARCH_USER_PATHS = NO;
				CLANG_ANALYZER_NONNULL = YES;
				CLANG_ANALYZER_NUMBER_OBJECT_CONVERSION = YES_AGGRESSIVE;
				CLANG_CXX_LANGUAGE_STANDARD = "gnu++14";
				CLANG_CXX_LIBRARY = "libc++";
				CLANG_ENABLE_MODULES = YES;
				CLANG_ENABLE_OBJC_ARC = YES;
				CLANG_ENABLE_OBJC_WEAK = YES;
				CLANG_WARN_BLOCK_CAPTURE_AUTORELEASING = YES;
				CLANG_WARN_BOOL_CONVERSION = YES;
				CLANG_WARN_COMMA = YES;
				CLANG_WARN_CONSTANT_CONVERSION = YES;
				CLANG_WARN_DEPRECATED_OBJC_IMPLEMENTATIONS = YES;
				CLANG_WARN_DIRECT_OBJC_ISA_USAGE = YES_ERROR;
				CLANG_WARN_DOCUMENTATION_COMMENTS = YES;
				CLANG_WARN_EMPTY_BODY = YES;
				CLANG_WARN_ENUM_CONVERSION = YES;
				CLANG_WARN_INFINITE_RECURSION = YES;
				CLANG_WARN_INT_CONVERSION = YES;
				CLANG_WARN_NON_LITERAL_NULL_CONVERSION = YES;
				CLANG_WARN_OBJC_IMPLICIT_RETAIN_SELF = YES;
				CLANG_WARN_OBJC_LITERAL_CONVERSION = YES;
				CLANG_WARN_OBJC_ROOT_CLASS = YES_ERROR;
				CLANG_WARN_RANGE_LOOP_ANALYSIS = YES;
				CLANG_WARN_STRICT_PROTOTYPES = YES;
				CLANG_WARN_SUSPICIOUS_MOVE = YES;
				CLANG_WARN_UNGUARDED_AVAILABILITY = YES_AGGRESSIVE;
				CLANG_WARN_UNREACHABLE_CODE = YES;
				CLANG_WARN__DUPLICATE_METHOD_MATCH = YES;
				COPY_PHASE_STRIP = NO;
				DEBUG_INFORMATION_FORMAT = "dwarf-with-dsym";
				ENABLE_NS_ASSERTIONS = NO;
				ENABLE_STRICT_OBJC_MSGSEND = YES;
				GCC_C_LANGUAGE_STANDARD = gnu11;
				GCC_NO_COMMON_BLOCKS = YES;
				GCC_WARN_64_TO_32_BIT_CONVERSION = YES;
				GCC_WARN_ABOUT_RETURN_TYPE = YES_ERROR;
				GCC_WARN_UNDECLARED_SELECTOR = YES;
				GCC_WARN_UNINITIALIZED_AUTOS = YES_AGGRESSIVE;
				GCC_WARN_UNUSED_FUNCTION = YES;
				GCC_WARN_UNUSED_VARIABLE = YES;
				IPHONEOS_DEPLOYMENT_TARGET = 13.4;
				MTL_ENABLE_DEBUG_INFO = NO;
				MTL_FAST_MATH = YES;
				SDKROOT = iphoneos;
				SWIFT_COMPILATION_MODE = wholemodule;
				SWIFT_OPTIMIZATION_LEVEL = "-O";
				VALIDATE_PRODUCT = YES;
			};
			name = Release;
		};
		A54EDDE3243AFBEB00EDF874 /* Debug */ = {
			isa = XCBuildConfiguration;
			buildSettings = {
				ASSETCATALOG_COMPILER_APPICON_NAME = AppIcon;
				CODE_SIGN_STYLE = Automatic;
				DEVELOPMENT_TEAM = SJ9X94FJ52;
				INFOPLIST_FILE = MicroBlog/Info.plist;
				IPHONEOS_DEPLOYMENT_TARGET = 10.0;
				LD_RUNPATH_SEARCH_PATHS = (
					"$(inherited)",
					"@executable_path/Frameworks",
				);
				PRODUCT_BUNDLE_IDENTIFIER = com.yuanlee.MicroBlog;
				PRODUCT_NAME = "$(TARGET_NAME)";
				SWIFT_VERSION = 5.0;
				TARGETED_DEVICE_FAMILY = "1,2";
			};
			name = Debug;
		};
		A54EDDE4243AFBEB00EDF874 /* Release */ = {
			isa = XCBuildConfiguration;
			buildSettings = {
				ASSETCATALOG_COMPILER_APPICON_NAME = AppIcon;
				CODE_SIGN_STYLE = Automatic;
				DEVELOPMENT_TEAM = SJ9X94FJ52;
				INFOPLIST_FILE = MicroBlog/Info.plist;
				IPHONEOS_DEPLOYMENT_TARGET = 10.0;
				LD_RUNPATH_SEARCH_PATHS = (
					"$(inherited)",
					"@executable_path/Frameworks",
				);
				PRODUCT_BUNDLE_IDENTIFIER = com.yuanlee.MicroBlog;
				PRODUCT_NAME = "$(TARGET_NAME)";
				SWIFT_VERSION = 5.0;
				TARGETED_DEVICE_FAMILY = "1,2";
			};
			name = Release;
		};
/* End XCBuildConfiguration section */

/* Begin XCConfigurationList section */
		A54EDDC9243AFBE900EDF874 /* Build configuration list for PBXProject "MicroBlog" */ = {
			isa = XCConfigurationList;
			buildConfigurations = (
				A54EDDE0243AFBEB00EDF874 /* Debug */,
				A54EDDE1243AFBEB00EDF874 /* Release */,
			);
			defaultConfigurationIsVisible = 0;
			defaultConfigurationName = Release;
		};
		A54EDDE2243AFBEB00EDF874 /* Build configuration list for PBXNativeTarget "MicroBlog" */ = {
			isa = XCConfigurationList;
			buildConfigurations = (
				A54EDDE3243AFBEB00EDF874 /* Debug */,
				A54EDDE4243AFBEB00EDF874 /* Release */,
			);
			defaultConfigurationIsVisible = 0;
			defaultConfigurationName = Release;
		};
/* End XCConfigurationList section */
	};
	rootObject = A54EDDC6243AFBE900EDF874 /* Project object */;
}
